// !$*UTF8*$!
{
	archiveVersion = 1;
	classes = {
	};
	objectVersion = 48;
	objects = {

/* Begin PBXBuildFile section */
		4108E86B1F8569F200D39D5F /* AppDelegate.swift in Sources */ = {isa = PBXBuildFile; fileRef = 4108E86A1F8569F200D39D5F /* AppDelegate.swift */; };
		4108E86D1F8569F200D39D5F /* ViewController.swift in Sources */ = {isa = PBXBuildFile; fileRef = 4108E86C1F8569F200D39D5F /* ViewController.swift */; };
		4108E8701F8569F200D39D5F /* Main.storyboard in Resources */ = {isa = PBXBuildFile; fileRef = 4108E86E1F8569F200D39D5F /* Main.storyboard */; };
		4108E8721F8569F200D39D5F /* Assets.xcassets in Resources */ = {isa = PBXBuildFile; fileRef = 4108E8711F8569F200D39D5F /* Assets.xcassets */; };
		4108E8751F8569F200D39D5F /* LaunchScreen.storyboard in Resources */ = {isa = PBXBuildFile; fileRef = 4108E8731F8569F200D39D5F /* LaunchScreen.storyboard */; };
		4108E87A1F8569F200D39D5F /* Time-Tracker WatchKit App.app in Embed Watch Content */ = {isa = PBXBuildFile; fileRef = 4108E8791F8569F200D39D5F /* Time-Tracker WatchKit App.app */; };
		4108E8801F8569F200D39D5F /* Interface.storyboard in Resources */ = {isa = PBXBuildFile; fileRef = 4108E87E1F8569F200D39D5F /* Interface.storyboard */; };
		4108E8821F8569F200D39D5F /* Assets.xcassets in Resources */ = {isa = PBXBuildFile; fileRef = 4108E8811F8569F200D39D5F /* Assets.xcassets */; };
		4108E8891F8569F300D39D5F /* Time-Tracker WatchKit Extension.appex in Embed App Extensions */ = {isa = PBXBuildFile; fileRef = 4108E8881F8569F300D39D5F /* Time-Tracker WatchKit Extension.appex */; settings = {ATTRIBUTES = (RemoveHeadersOnCopy, ); }; };
		4108E88E1F8569F300D39D5F /* InterfaceController.swift in Sources */ = {isa = PBXBuildFile; fileRef = 4108E88D1F8569F300D39D5F /* InterfaceController.swift */; };
		4108E8901F8569F300D39D5F /* ExtensionDelegate.swift in Sources */ = {isa = PBXBuildFile; fileRef = 4108E88F1F8569F300D39D5F /* ExtensionDelegate.swift */; };
		4108E8921F8569F300D39D5F /* Assets.xcassets in Resources */ = {isa = PBXBuildFile; fileRef = 4108E8911F8569F300D39D5F /* Assets.xcassets */; };
		4151DED31F8BCDB50075C11D /* TimeTableIC.swift in Sources */ = {isa = PBXBuildFile; fileRef = 4151DED21F8BCDB50075C11D /* TimeTableIC.swift */; };
		4151DED51F8BCF690075C11D /* ClockInOutRowController.swift in Sources */ = {isa = PBXBuildFile; fileRef = 4151DED41F8BCF690075C11D /* ClockInOutRowController.swift */; };
		41F91D971F950F6900456351 /* DetailIC.swift in Sources */ = {isa = PBXBuildFile; fileRef = 41F91D961F950F6900456351 /* DetailIC.swift */; };
/* End PBXBuildFile section */

/* Begin PBXContainerItemProxy section */
		4108E87B1F8569F200D39D5F /* PBXContainerItemProxy */ = {
			isa = PBXContainerItemProxy;
			containerPortal = 4108E85F1F8569F200D39D5F /* Project object */;
			proxyType = 1;
			remoteGlobalIDString = 4108E8781F8569F200D39D5F;
			remoteInfo = "Time-Tracker WatchKit App";
		};
		4108E88A1F8569F300D39D5F /* PBXContainerItemProxy */ = {
			isa = PBXContainerItemProxy;
			containerPortal = 4108E85F1F8569F200D39D5F /* Project object */;
			proxyType = 1;
			remoteGlobalIDString = 4108E8871F8569F300D39D5F;
			remoteInfo = "Time-Tracker WatchKit Extension";
		};
/* End PBXContainerItemProxy section */

/* Begin PBXCopyFilesBuildPhase section */
		4108E8991F8569F300D39D5F /* Embed App Extensions */ = {
			isa = PBXCopyFilesBuildPhase;
			buildActionMask = 2147483647;
			dstPath = "";
			dstSubfolderSpec = 13;
			files = (
				4108E8891F8569F300D39D5F /* Time-Tracker WatchKit Extension.appex in Embed App Extensions */,
			);
			name = "Embed App Extensions";
			runOnlyForDeploymentPostprocessing = 0;
		};
		4108E89D1F8569F300D39D5F /* Embed Watch Content */ = {
			isa = PBXCopyFilesBuildPhase;
			buildActionMask = 2147483647;
			dstPath = "$(CONTENTS_FOLDER_PATH)/Watch";
			dstSubfolderSpec = 16;
			files = (
				4108E87A1F8569F200D39D5F /* Time-Tracker WatchKit App.app in Embed Watch Content */,
			);
			name = "Embed Watch Content";
			runOnlyForDeploymentPostprocessing = 0;
		};
/* End PBXCopyFilesBuildPhase section */

/* Begin PBXFileReference section */
		4108E8671F8569F200D39D5F /* Time-Tracker.app */ = {isa = PBXFileReference; explicitFileType = wrapper.application; includeInIndex = 0; path = "Time-Tracker.app"; sourceTree = BUILT_PRODUCTS_DIR; };
		4108E86A1F8569F200D39D5F /* AppDelegate.swift */ = {isa = PBXFileReference; lastKnownFileType = sourcecode.swift; path = AppDelegate.swift; sourceTree = "<group>"; };
		4108E86C1F8569F200D39D5F /* ViewController.swift */ = {isa = PBXFileReference; lastKnownFileType = sourcecode.swift; path = ViewController.swift; sourceTree = "<group>"; };
		4108E86F1F8569F200D39D5F /* Base */ = {isa = PBXFileReference; lastKnownFileType = file.storyboard; name = Base; path = Base.lproj/Main.storyboard; sourceTree = "<group>"; };
		4108E8711F8569F200D39D5F /* Assets.xcassets */ = {isa = PBXFileReference; lastKnownFileType = folder.assetcatalog; path = Assets.xcassets; sourceTree = "<group>"; };
		4108E8741F8569F200D39D5F /* Base */ = {isa = PBXFileReference; lastKnownFileType = file.storyboard; name = Base; path = Base.lproj/LaunchScreen.storyboard; sourceTree = "<group>"; };
		4108E8761F8569F200D39D5F /* Info.plist */ = {isa = PBXFileReference; lastKnownFileType = text.plist.xml; path = Info.plist; sourceTree = "<group>"; };
		4108E8791F8569F200D39D5F /* Time-Tracker WatchKit App.app */ = {isa = PBXFileReference; explicitFileType = wrapper.application; includeInIndex = 0; path = "Time-Tracker WatchKit App.app"; sourceTree = BUILT_PRODUCTS_DIR; };
		4108E87F1F8569F200D39D5F /* Base */ = {isa = PBXFileReference; lastKnownFileType = file.storyboard; name = Base; path = Base.lproj/Interface.storyboard; sourceTree = "<group>"; };
		4108E8811F8569F200D39D5F /* Assets.xcassets */ = {isa = PBXFileReference; lastKnownFileType = folder.assetcatalog; path = Assets.xcassets; sourceTree = "<group>"; };
		4108E8831F8569F200D39D5F /* Info.plist */ = {isa = PBXFileReference; lastKnownFileType = text.plist.xml; path = Info.plist; sourceTree = "<group>"; };
		4108E8881F8569F300D39D5F /* Time-Tracker WatchKit Extension.appex */ = {isa = PBXFileReference; explicitFileType = "wrapper.app-extension"; includeInIndex = 0; path = "Time-Tracker WatchKit Extension.appex"; sourceTree = BUILT_PRODUCTS_DIR; };
		4108E88D1F8569F300D39D5F /* InterfaceController.swift */ = {isa = PBXFileReference; lastKnownFileType = sourcecode.swift; path = InterfaceController.swift; sourceTree = "<group>"; };
		4108E88F1F8569F300D39D5F /* ExtensionDelegate.swift */ = {isa = PBXFileReference; lastKnownFileType = sourcecode.swift; path = ExtensionDelegate.swift; sourceTree = "<group>"; };
		4108E8911F8569F300D39D5F /* Assets.xcassets */ = {isa = PBXFileReference; lastKnownFileType = folder.assetcatalog; path = Assets.xcassets; sourceTree = "<group>"; };
		4108E8931F8569F300D39D5F /* Info.plist */ = {isa = PBXFileReference; lastKnownFileType = text.plist.xml; path = Info.plist; sourceTree = "<group>"; };
		4151DED21F8BCDB50075C11D /* TimeTableIC.swift */ = {isa = PBXFileReference; lastKnownFileType = sourcecode.swift; path = TimeTableIC.swift; sourceTree = "<group>"; };
		4151DED41F8BCF690075C11D /* ClockInOutRowController.swift */ = {isa = PBXFileReference; lastKnownFileType = sourcecode.swift; path = ClockInOutRowController.swift; sourceTree = "<group>"; };
		41F91D961F950F6900456351 /* DetailIC.swift */ = {isa = PBXFileReference; lastKnownFileType = sourcecode.swift; path = DetailIC.swift; sourceTree = "<group>"; };
/* End PBXFileReference section */

/* Begin PBXFrameworksBuildPhase section */
		4108E8641F8569F200D39D5F /* Frameworks */ = {
			isa = PBXFrameworksBuildPhase;
			buildActionMask = 2147483647;
			files = (
			);
			runOnlyForDeploymentPostprocessing = 0;
		};
		4108E8851F8569F300D39D5F /* Frameworks */ = {
			isa = PBXFrameworksBuildPhase;
			buildActionMask = 2147483647;
			files = (
			);
			runOnlyForDeploymentPostprocessing = 0;
		};
/* End PBXFrameworksBuildPhase section */

/* Begin PBXGroup section */
		4108E85E1F8569F200D39D5F = {
			isa = PBXGroup;
			children = (
				4108E8691F8569F200D39D5F /* Time-Tracker */,
				4108E87D1F8569F200D39D5F /* Time-Tracker WatchKit App */,
				4108E88C1F8569F300D39D5F /* Time-Tracker WatchKit Extension */,
				4108E8681F8569F200D39D5F /* Products */,
			);
			sourceTree = "<group>";
		};
		4108E8681F8569F200D39D5F /* Products */ = {
			isa = PBXGroup;
			children = (
				4108E8671F8569F200D39D5F /* Time-Tracker.app */,
				4108E8791F8569F200D39D5F /* Time-Tracker WatchKit App.app */,
				4108E8881F8569F300D39D5F /* Time-Tracker WatchKit Extension.appex */,
			);
			name = Products;
			sourceTree = "<group>";
		};
		4108E8691F8569F200D39D5F /* Time-Tracker */ = {
			isa = PBXGroup;
			children = (
				4108E86A1F8569F200D39D5F /* AppDelegate.swift */,
				4108E86C1F8569F200D39D5F /* ViewController.swift */,
				4108E86E1F8569F200D39D5F /* Main.storyboard */,
				4108E8711F8569F200D39D5F /* Assets.xcassets */,
				4108E8731F8569F200D39D5F /* LaunchScreen.storyboard */,
				4108E8761F8569F200D39D5F /* Info.plist */,
			);
			path = "Time-Tracker";
			sourceTree = "<group>";
		};
		4108E87D1F8569F200D39D5F /* Time-Tracker WatchKit App */ = {
			isa = PBXGroup;
			children = (
				4108E87E1F8569F200D39D5F /* Interface.storyboard */,
				4108E8811F8569F200D39D5F /* Assets.xcassets */,
				4108E8831F8569F200D39D5F /* Info.plist */,
			);
			path = "Time-Tracker WatchKit App";
			sourceTree = "<group>";
		};
		4108E88C1F8569F300D39D5F /* Time-Tracker WatchKit Extension */ = {
			isa = PBXGroup;
			children = (
				4151DED21F8BCDB50075C11D /* TimeTableIC.swift */,
				4151DED41F8BCF690075C11D /* ClockInOutRowController.swift */,
				4108E88D1F8569F300D39D5F /* InterfaceController.swift */,
				4108E88F1F8569F300D39D5F /* ExtensionDelegate.swift */,
				41F91D961F950F6900456351 /* DetailIC.swift */,
				4108E8911F8569F300D39D5F /* Assets.xcassets */,
				4108E8931F8569F300D39D5F /* Info.plist */,
			);
			path = "Time-Tracker WatchKit Extension";
			sourceTree = "<group>";
		};
/* End PBXGroup section */

/* Begin PBXNativeTarget section */
		4108E8661F8569F200D39D5F /* Time-Tracker */ = {
			isa = PBXNativeTarget;
			buildConfigurationList = 4108E89E1F8569F300D39D5F /* Build configuration list for PBXNativeTarget "Time-Tracker" */;
			buildPhases = (
				4108E8631F8569F200D39D5F /* Sources */,
				4108E8641F8569F200D39D5F /* Frameworks */,
				4108E8651F8569F200D39D5F /* Resources */,
				4108E89D1F8569F300D39D5F /* Embed Watch Content */,
			);
			buildRules = (
			);
			dependencies = (
				4108E87C1F8569F200D39D5F /* PBXTargetDependency */,
			);
			name = "Time-Tracker";
			productName = "Time-Tracker";
			productReference = 4108E8671F8569F200D39D5F /* Time-Tracker.app */;
			productType = "com.apple.product-type.application";
		};
		4108E8781F8569F200D39D5F /* Time-Tracker WatchKit App */ = {
			isa = PBXNativeTarget;
			buildConfigurationList = 4108E89A1F8569F300D39D5F /* Build configuration list for PBXNativeTarget "Time-Tracker WatchKit App" */;
			buildPhases = (
				4108E8771F8569F200D39D5F /* Resources */,
				4108E8991F8569F300D39D5F /* Embed App Extensions */,
			);
			buildRules = (
			);
			dependencies = (
				4108E88B1F8569F300D39D5F /* PBXTargetDependency */,
			);
			name = "Time-Tracker WatchKit App";
			productName = "Time-Tracker WatchKit App";
			productReference = 4108E8791F8569F200D39D5F /* Time-Tracker WatchKit App.app */;
			productType = "com.apple.product-type.application.watchapp2";
		};
		4108E8871F8569F300D39D5F /* Time-Tracker WatchKit Extension */ = {
			isa = PBXNativeTarget;
			buildConfigurationList = 4108E8961F8569F300D39D5F /* Build configuration list for PBXNativeTarget "Time-Tracker WatchKit Extension" */;
			buildPhases = (
				4108E8841F8569F300D39D5F /* Sources */,
				4108E8851F8569F300D39D5F /* Frameworks */,
				4108E8861F8569F300D39D5F /* Resources */,
			);
			buildRules = (
			);
			dependencies = (
			);
			name = "Time-Tracker WatchKit Extension";
			productName = "Time-Tracker WatchKit Extension";
			productReference = 4108E8881F8569F300D39D5F /* Time-Tracker WatchKit Extension.appex */;
			productType = "com.apple.product-type.watchkit2-extension";
		};
/* End PBXNativeTarget section */

/* Begin PBXProject section */
		4108E85F1F8569F200D39D5F /* Project object */ = {
			isa = PBXProject;
			attributes = {
				LastSwiftUpdateCheck = 0900;
				LastUpgradeCheck = 0900;
				ORGANIZATIONNAME = vetDevHouse;
				TargetAttributes = {
					4108E8661F8569F200D39D5F = {
						CreatedOnToolsVersion = 9.0;
						ProvisioningStyle = Automatic;
					};
					4108E8781F8569F200D39D5F = {
						CreatedOnToolsVersion = 9.0;
						ProvisioningStyle = Automatic;
					};
					4108E8871F8569F300D39D5F = {
						CreatedOnToolsVersion = 9.0;
						ProvisioningStyle = Automatic;
					};
				};
			};
			buildConfigurationList = 4108E8621F8569F200D39D5F /* Build configuration list for PBXProject "Time-Tracker" */;
			compatibilityVersion = "Xcode 8.0";
			developmentRegion = en;
			hasScannedForEncodings = 0;
			knownRegions = (
				en,
				Base,
			);
			mainGroup = 4108E85E1F8569F200D39D5F;
			productRefGroup = 4108E8681F8569F200D39D5F /* Products */;
			projectDirPath = "";
			projectRoot = "";
			targets = (
				4108E8661F8569F200D39D5F /* Time-Tracker */,
				4108E8781F8569F200D39D5F /* Time-Tracker WatchKit App */,
				4108E8871F8569F300D39D5F /* Time-Tracker WatchKit Extension */,
			);
		};
/* End PBXProject section */

/* Begin PBXResourcesBuildPhase section */
		4108E8651F8569F200D39D5F /* Resources */ = {
			isa = PBXResourcesBuildPhase;
			buildActionMask = 2147483647;
			files = (
				4108E8751F8569F200D39D5F /* LaunchScreen.storyboard in Resources */,
				4108E8721F8569F200D39D5F /* Assets.xcassets in Resources */,
				4108E8701F8569F200D39D5F /* Main.storyboard in Resources */,
			);
			runOnlyForDeploymentPostprocessing = 0;
		};
		4108E8771F8569F200D39D5F /* Resources */ = {
			isa = PBXResourcesBuildPhase;
			buildActionMask = 2147483647;
			files = (
				4108E8821F8569F200D39D5F /* Assets.xcassets in Resources */,
				4108E8801F8569F200D39D5F /* Interface.storyboard in Resources */,
			);
			runOnlyForDeploymentPostprocessing = 0;
		};
		4108E8861F8569F300D39D5F /* Resources */ = {
			isa = PBXResourcesBuildPhase;
			buildActionMask = 2147483647;
			files = (
				4108E8921F8569F300D39D5F /* Assets.xcassets in Resources */,
			);
			runOnlyForDeploymentPostprocessing = 0;
		};
/* End PBXResourcesBuildPhase section */

/* Begin PBXSourcesBuildPhase section */
		4108E8631F8569F200D39D5F /* Sources */ = {
			isa = PBXSourcesBuildPhase;
			buildActionMask = 2147483647;
			files = (
				4108E86D1F8569F200D39D5F /* ViewController.swift in Sources */,
				4108E86B1F8569F200D39D5F /* AppDelegate.swift in Sources */,
			);
			runOnlyForDeploymentPostprocessing = 0;
		};
		4108E8841F8569F300D39D5F /* Sources */ = {
			isa = PBXSourcesBuildPhase;
			buildActionMask = 2147483647;
			files = (
				4108E8901F8569F300D39D5F /* ExtensionDelegate.swift in Sources */,
				4151DED31F8BCDB50075C11D /* TimeTableIC.swift in Sources */,
				4108E88E1F8569F300D39D5F /* InterfaceController.swift in Sources */,
				41F91D971F950F6900456351 /* DetailIC.swift in Sources */,
				4151DED51F8BCF690075C11D /* ClockInOutRowController.swift in Sources */,
			);
			runOnlyForDeploymentPostprocessing = 0;
		};
/* End PBXSourcesBuildPhase section */

/* Begin PBXTargetDependency section */
		4108E87C1F8569F200D39D5F /* PBXTargetDependency */ = {
			isa = PBXTargetDependency;
			target = 4108E8781F8569F200D39D5F /* Time-Tracker WatchKit App */;
			targetProxy = 4108E87B1F8569F200D39D5F /* PBXContainerItemProxy */;
		};
		4108E88B1F8569F300D39D5F /* PBXTargetDependency */ = {
			isa = PBXTargetDependency;
			target = 4108E8871F8569F300D39D5F /* Time-Tracker WatchKit Extension */;
			targetProxy = 4108E88A1F8569F300D39D5F /* PBXContainerItemProxy */;
		};
/* End PBXTargetDependency section */

/* Begin PBXVariantGroup section */
		4108E86E1F8569F200D39D5F /* Main.storyboard */ = {
			isa = PBXVariantGroup;
			children = (
				4108E86F1F8569F200D39D5F /* Base */,
			);
			name = Main.storyboard;
			sourceTree = "<group>";
		};
		4108E8731F8569F200D39D5F /* LaunchScreen.storyboard */ = {
			isa = PBXVariantGroup;
			children = (
				4108E8741F8569F200D39D5F /* Base */,
			);
			name = LaunchScreen.storyboard;
			sourceTree = "<group>";
		};
		4108E87E1F8569F200D39D5F /* Interface.storyboard */ = {
			isa = PBXVariantGroup;
			children = (
				4108E87F1F8569F200D39D5F /* Base */,
			);
			name = Interface.storyboard;
			sourceTree = "<group>";
		};
/* End PBXVariantGroup section */

/* Begin XCBuildConfiguration section */
		4108E8941F8569F300D39D5F /* Debug */ = {
			isa = XCBuildConfiguration;
			buildSettings = {
				ALWAYS_SEARCH_USER_PATHS = NO;
				CLANG_ANALYZER_NONNULL = YES;
				CLANG_ANALYZER_NUMBER_OBJECT_CONVERSION = YES_AGGRESSIVE;
				CLANG_CXX_LANGUAGE_STANDARD = "gnu++14";
				CLANG_CXX_LIBRARY = "libc++";
				CLANG_ENABLE_MODULES = YES;
				CLANG_ENABLE_OBJC_ARC = YES;
				CLANG_WARN_BLOCK_CAPTURE_AUTORELEASING = YES;
				CLANG_WARN_BOOL_CONVERSION = YES;
				CLANG_WARN_COMMA = YES;
				CLANG_WARN_CONSTANT_CONVERSION = YES;
				CLANG_WARN_DIRECT_OBJC_ISA_USAGE = YES_ERROR;
				CLANG_WARN_DOCUMENTATION_COMMENTS = YES;
				CLANG_WARN_EMPTY_BODY = YES;
				CLANG_WARN_ENUM_CONVERSION = YES;
				CLANG_WARN_INFINITE_RECURSION = YES;
				CLANG_WARN_INT_CONVERSION = YES;
				CLANG_WARN_NON_LITERAL_NULL_CONVERSION = YES;
				CLANG_WARN_OBJC_LITERAL_CONVERSION = YES;
				CLANG_WARN_OBJC_ROOT_CLASS = YES_ERROR;
				CLANG_WARN_RANGE_LOOP_ANALYSIS = YES;
				CLANG_WARN_STRICT_PROTOTYPES = YES;
				CLANG_WARN_SUSPICIOUS_MOVE = YES;
				CLANG_WARN_UNGUARDED_AVAILABILITY = YES_AGGRESSIVE;
				CLANG_WARN_UNREACHABLE_CODE = YES;
				CLANG_WARN__DUPLICATE_METHOD_MATCH = YES;
				CODE_SIGN_IDENTITY = "iPhone Developer";
				COPY_PHASE_STRIP = NO;
				DEBUG_INFORMATION_FORMAT = dwarf;
				ENABLE_STRICT_OBJC_MSGSEND = YES;
				ENABLE_TESTABILITY = YES;
				GCC_C_LANGUAGE_STANDARD = gnu11;
				GCC_DYNAMIC_NO_PIC = NO;
				GCC_NO_COMMON_BLOCKS = YES;
				GCC_OPTIMIZATION_LEVEL = 0;
				GCC_PREPROCESSOR_DEFINITIONS = (
					"DEBUG=1",
					"$(inherited)",
				);
				GCC_WARN_64_TO_32_BIT_CONVERSION = YES;
				GCC_WARN_ABOUT_RETURN_TYPE = YES_ERROR;
				GCC_WARN_UNDECLARED_SELECTOR = YES;
				GCC_WARN_UNINITIALIZED_AUTOS = YES_AGGRESSIVE;
				GCC_WARN_UNUSED_FUNCTION = YES;
				GCC_WARN_UNUSED_VARIABLE = YES;
				IPHONEOS_DEPLOYMENT_TARGET = 11.0;
				MTL_ENABLE_DEBUG_INFO = YES;
				ONLY_ACTIVE_ARCH = YES;
				SDKROOT = iphoneos;
				SWIFT_ACTIVE_COMPILATION_CONDITIONS = DEBUG;
				SWIFT_OPTIMIZATION_LEVEL = "-Onone";
			};
			name = Debug;
		};
		4108E8951F8569F300D39D5F /* Release */ = {
			isa = XCBuildConfiguration;
			buildSettings = {
				ALWAYS_SEARCH_USER_PATHS = NO;
				CLANG_ANALYZER_NONNULL = YES;
				CLANG_ANALYZER_NUMBER_OBJECT_CONVERSION = YES_AGGRESSIVE;
				CLANG_CXX_LANGUAGE_STANDARD = "gnu++14";
				CLANG_CXX_LIBRARY = "libc++";
				CLANG_ENABLE_MODULES = YES;
				CLANG_ENABLE_OBJC_ARC = YES;
				CLANG_WARN_BLOCK_CAPTURE_AUTORELEASING = YES;
				CLANG_WARN_BOOL_CONVERSION = YES;
				CLANG_WARN_COMMA = YES;
				CLANG_WARN_CONSTANT_CONVERSION = YES;
				CLANG_WARN_DIRECT_OBJC_ISA_USAGE = YES_ERROR;
				CLANG_WARN_DOCUMENTATION_COMMENTS = YES;
				CLANG_WARN_EMPTY_BODY = YES;
				CLANG_WARN_ENUM_CONVERSION = YES;
				CLANG_WARN_INFINITE_RECURSION = YES;
				CLANG_WARN_INT_CONVERSION = YES;
				CLANG_WARN_NON_LITERAL_NULL_CONVERSION = YES;
				CLANG_WARN_OBJC_LITERAL_CONVERSION = YES;
				CLANG_WARN_OBJC_ROOT_CLASS = YES_ERROR;
				CLANG_WARN_RANGE_LOOP_ANALYSIS = YES;
				CLANG_WARN_STRICT_PROTOTYPES = YES;
				CLANG_WARN_SUSPICIOUS_MOVE = YES;
				CLANG_WARN_UNGUARDED_AVAILABILITY = YES_AGGRESSIVE;
				CLANG_WARN_UNREACHABLE_CODE = YES;
				CLANG_WARN__DUPLICATE_METHOD_MATCH = YES;
				CODE_SIGN_IDENTITY = "iPhone Developer";
				COPY_PHASE_STRIP = NO;
				DEBUG_INFORMATION_FORMAT = "dwarf-with-dsym";
				ENABLE_NS_ASSERTIONS = NO;
				ENABLE_STRICT_OBJC_MSGSEND = YES;
				GCC_C_LANGUAGE_STANDARD = gnu11;
				GCC_NO_COMMON_BLOCKS = YES;
				GCC_WARN_64_TO_32_BIT_CONVERSION = YES;
				GCC_WARN_ABOUT_RETURN_TYPE = YES_ERROR;
				GCC_WARN_UNDECLARED_SELECTOR = YES;
				GCC_WARN_UNINITIALIZED_AUTOS = YES_AGGRESSIVE;
				GCC_WARN_UNUSED_FUNCTION = YES;
				GCC_WARN_UNUSED_VARIABLE = YES;
				IPHONEOS_DEPLOYMENT_TARGET = 11.0;
				MTL_ENABLE_DEBUG_INFO = NO;
				SDKROOT = iphoneos;
				SWIFT_OPTIMIZATION_LEVEL = "-Owholemodule";
				VALIDATE_PRODUCT = YES;
			};
			name = Release;
		};
		4108E8971F8569F300D39D5F /* Debug */ = {
			isa = XCBuildConfiguration;
			buildSettings = {
				ASSETCATALOG_COMPILER_COMPLICATION_NAME = Complication;
				CODE_SIGN_STYLE = Automatic;
				DEVELOPMENT_TEAM = 56F54J4H3N;
				INFOPLIST_FILE = "Time-Tracker WatchKit Extension/Info.plist";
				LD_RUNPATH_SEARCH_PATHS = "$(inherited) @executable_path/Frameworks @executable_path/../../Frameworks";
				PRODUCT_BUNDLE_IDENTIFIER = "com.vetDevHouse.Time-Tracker.watchkitapp.watchkitextension";
				PRODUCT_NAME = "${TARGET_NAME}";
				SDKROOT = watchos;
				SKIP_INSTALL = YES;
				SWIFT_VERSION = 4.0;
				TARGETED_DEVICE_FAMILY = 4;
				WATCHOS_DEPLOYMENT_TARGET = 4.0;
			};
			name = Debug;
		};
		4108E8981F8569F300D39D5F /* Release */ = {
			isa = XCBuildConfiguration;
			buildSettings = {
				ASSETCATALOG_COMPILER_COMPLICATION_NAME = Complication;
				CODE_SIGN_STYLE = Automatic;
				DEVELOPMENT_TEAM = 56F54J4H3N;
				INFOPLIST_FILE = "Time-Tracker WatchKit Extension/Info.plist";
				LD_RUNPATH_SEARCH_PATHS = "$(inherited) @executable_path/Frameworks @executable_path/../../Frameworks";
				PRODUCT_BUNDLE_IDENTIFIER = "com.vetDevHouse.Time-Tracker.watchkitapp.watchkitextension";
				PRODUCT_NAME = "${TARGET_NAME}";
				SDKROOT = watchos;
				SKIP_INSTALL = YES;
				SWIFT_VERSION = 4.0;
				TARGETED_DEVICE_FAMILY = 4;
				WATCHOS_DEPLOYMENT_TARGET = 4.0;
			};
			name = Release;
		};
		4108E89B1F8569F300D39D5F /* Debug */ = {
			isa = XCBuildConfiguration;
			buildSettings = {
				ALWAYS_EMBED_SWIFT_STANDARD_LIBRARIES = YES;
				ASSETCATALOG_COMPILER_APPICON_NAME = AppIcon;
				CODE_SIGN_STYLE = Automatic;
				DEVELOPMENT_TEAM = 56F54J4H3N;
				IBSC_MODULE = Time_Tracker_WatchKit_Extension;
				INFOPLIST_FILE = "Time-Tracker WatchKit App/Info.plist";
				PRODUCT_BUNDLE_IDENTIFIER = "com.vetDevHouse.Time-Tracker.watchkitapp";
				PRODUCT_NAME = "$(TARGET_NAME)";
				SDKROOT = watchos;
				SKIP_INSTALL = YES;
				SWIFT_VERSION = 4.0;
				TARGETED_DEVICE_FAMILY = 4;
				WATCHOS_DEPLOYMENT_TARGET = 4.0;
			};
			name = Debug;
		};
		4108E89C1F8569F300D39D5F /* Release */ = {
			isa = XCBuildConfiguration;
			buildSettings = {
				ALWAYS_EMBED_SWIFT_STANDARD_LIBRARIES = YES;
				ASSETCATALOG_COMPILER_APPICON_NAME = AppIcon;
				CODE_SIGN_STYLE = Automatic;
				DEVELOPMENT_TEAM = 56F54J4H3N;
				IBSC_MODULE = Time_Tracker_WatchKit_Extension;
				INFOPLIST_FILE = "Time-Tracker WatchKit App/Info.plist";
				PRODUCT_BUNDLE_IDENTIFIER = "com.vetDevHouse.Time-Tracker.watchkitapp";
				PRODUCT_NAME = "$(TARGET_NAME)";
				SDKROOT = watchos;
				SKIP_INSTALL = YES;
				SWIFT_VERSION = 4.0;
				TARGETED_DEVICE_FAMILY = 4;
				WATCHOS_DEPLOYMENT_TARGET = 4.0;
			};
			name = Release;
		};
		4108E89F1F8569F300D39D5F /* Debug */ = {
			isa = XCBuildConfiguration;
			buildSettings = {
				ASSETCATALOG_COMPILER_APPICON_NAME = AppIcon;
				CODE_SIGN_STYLE = Automatic;
				DEVELOPMENT_TEAM = 56F54J4H3N;
				INFOPLIST_FILE = "Time-Tracker/Info.plist";
				LD_RUNPATH_SEARCH_PATHS = "$(inherited) @executable_path/Frameworks";
				PRODUCT_BUNDLE_IDENTIFIER = "com.vetDevHouse.Time-Tracker";
				PRODUCT_NAME = "$(TARGET_NAME)";
				SWIFT_VERSION = 4.0;
				TARGETED_DEVICE_FAMILY = "1,2";
			};
			name = Debug;
		};
		4108E8A01F8569F300D39D5F /* Release */ = {
			isa = XCBuildConfiguration;
			buildSettings = {
				ASSETCATALOG_COMPILER_APPICON_NAME = AppIcon;
				CODE_SIGN_STYLE = Automatic;
				DEVELOPMENT_TEAM = 56F54J4H3N;
				INFOPLIST_FILE = "Time-Tracker/Info.plist";
				LD_RUNPATH_SEARCH_PATHS = "$(inherited) @executable_path/Frameworks";
				PRODUCT_BUNDLE_IDENTIFIER = "com.vetDevHouse.Time-Tracker";
				PRODUCT_NAME = "$(TARGET_NAME)";
				SWIFT_VERSION = 4.0;
				TARGETED_DEVICE_FAMILY = "1,2";
			};
			name = Release;
		};
/* End XCBuildConfiguration section */

/* Begin XCConfigurationList section */
		4108E8621F8569F200D39D5F /* Build configuration list for PBXProject "Time-Tracker" */ = {
			isa = XCConfigurationList;
			buildConfigurations = (
				4108E8941F8569F300D39D5F /* Debug */,
				4108E8951F8569F300D39D5F /* Release */,
			);
			defaultConfigurationIsVisible = 0;
			defaultConfigurationName = Release;
		};
		4108E8961F8569F300D39D5F /* Build configuration list for PBXNativeTarget "Time-Tracker WatchKit Extension" */ = {
			isa = XCConfigurationList;
			buildConfigurations = (
				4108E8971F8569F300D39D5F /* Debug */,
				4108E8981F8569F300D39D5F /* Release */,
			);
			defaultConfigurationIsVisible = 0;
			defaultConfigurationName = Release;
		};
		4108E89A1F8569F300D39D5F /* Build configuration list for PBXNativeTarget "Time-Tracker WatchKit App" */ = {
			isa = XCConfigurationList;
			buildConfigurations = (
				4108E89B1F8569F300D39D5F /* Debug */,
				4108E89C1F8569F300D39D5F /* Release */,
			);
			defaultConfigurationIsVisible = 0;
			defaultConfigurationName = Release;
		};
		4108E89E1F8569F300D39D5F /* Build configuration list for PBXNativeTarget "Time-Tracker" */ = {
			isa = XCConfigurationList;
			buildConfigurations = (
				4108E89F1F8569F300D39D5F /* Debug */,
				4108E8A01F8569F300D39D5F /* Release */,
			);
			defaultConfigurationIsVisible = 0;
			defaultConfigurationName = Release;
		};
/* End XCConfigurationList section */
	};
	rootObject = 4108E85F1F8569F200D39D5F /* Project object */;
}
