// !$*UTF8*$!
{
	archiveVersion = 1;
	classes = {
	};
	objectVersion = 48;
	objects = {

/* Begin PBXBuildFile section */
		411804611F695B960032DCB0 /* Resnet50.mlmodel in Sources */ = {isa = PBXBuildFile; fileRef = 411D307F1F5EF79D009B5402 /* Resnet50.mlmodel */; };
		411804631F697D130032DCB0 /* CoreMLTableViewCell.swift in Sources */ = {isa = PBXBuildFile; fileRef = 411804621F697D130032DCB0 /* CoreMLTableViewCell.swift */; };
		411BCAC21F5EDFF40011E7DA /* AppDelegate.swift in Sources */ = {isa = PBXBuildFile; fileRef = 411BCAC11F5EDFF40011E7DA /* AppDelegate.swift */; };
		411BCAC41F5EDFF40011E7DA /* ViewController.swift in Sources */ = {isa = PBXBuildFile; fileRef = 411BCAC31F5EDFF40011E7DA /* ViewController.swift */; };
		411BCAC71F5EDFF40011E7DA /* Main.storyboard in Resources */ = {isa = PBXBuildFile; fileRef = 411BCAC51F5EDFF40011E7DA /* Main.storyboard */; };
		411BCAC91F5EDFF40011E7DA /* Assets.xcassets in Resources */ = {isa = PBXBuildFile; fileRef = 411BCAC81F5EDFF40011E7DA /* Assets.xcassets */; };
		411BCACC1F5EDFF40011E7DA /* LaunchScreen.storyboard in Resources */ = {isa = PBXBuildFile; fileRef = 411BCACA1F5EDFF40011E7DA /* LaunchScreen.storyboard */; };
/* End PBXBuildFile section */

/* Begin PBXFileReference section */
		411804621F697D130032DCB0 /* CoreMLTableViewCell.swift */ = {isa = PBXFileReference; lastKnownFileType = sourcecode.swift; path = CoreMLTableViewCell.swift; sourceTree = "<group>"; };
		411BCABE1F5EDFF40011E7DA /* DetectThePic.app */ = {isa = PBXFileReference; explicitFileType = wrapper.application; includeInIndex = 0; path = DetectThePic.app; sourceTree = BUILT_PRODUCTS_DIR; };
		411BCAC11F5EDFF40011E7DA /* AppDelegate.swift */ = {isa = PBXFileReference; lastKnownFileType = sourcecode.swift; path = AppDelegate.swift; sourceTree = "<group>"; };
		411BCAC31F5EDFF40011E7DA /* ViewController.swift */ = {isa = PBXFileReference; lastKnownFileType = sourcecode.swift; path = ViewController.swift; sourceTree = "<group>"; };
		411BCAC61F5EDFF40011E7DA /* Base */ = {isa = PBXFileReference; lastKnownFileType = file.storyboard; name = Base; path = Base.lproj/Main.storyboard; sourceTree = "<group>"; };
		411BCAC81F5EDFF40011E7DA /* Assets.xcassets */ = {isa = PBXFileReference; lastKnownFileType = folder.assetcatalog; path = Assets.xcassets; sourceTree = "<group>"; };
		411BCACB1F5EDFF40011E7DA /* Base */ = {isa = PBXFileReference; lastKnownFileType = file.storyboard; name = Base; path = Base.lproj/LaunchScreen.storyboard; sourceTree = "<group>"; };
		411BCACD1F5EDFF40011E7DA /* Info.plist */ = {isa = PBXFileReference; lastKnownFileType = text.plist.xml; path = Info.plist; sourceTree = "<group>"; };
		411D307F1F5EF79D009B5402 /* Resnet50.mlmodel */ = {isa = PBXFileReference; lastKnownFileType = file.mlmodel; path = Resnet50.mlmodel; sourceTree = "<group>"; };
/* End PBXFileReference section */

/* Begin PBXFrameworksBuildPhase section */
		411BCABB1F5EDFF40011E7DA /* Frameworks */ = {
			isa = PBXFrameworksBuildPhase;
			buildActionMask = 2147483647;
			files = (
			);
			runOnlyForDeploymentPostprocessing = 0;
		};
/* End PBXFrameworksBuildPhase section */

/* Begin PBXGroup section */
		411BCAB51F5EDFF40011E7DA = {
			isa = PBXGroup;
			children = (
				411BCAC01F5EDFF40011E7DA /* DetectThePic */,
				411BCABF1F5EDFF40011E7DA /* Products */,
			);
			sourceTree = "<group>";
		};
		411BCABF1F5EDFF40011E7DA /* Products */ = {
			isa = PBXGroup;
			children = (
				411BCABE1F5EDFF40011E7DA /* DetectThePic.app */,
			);
			name = Products;
			sourceTree = "<group>";
		};
		411BCAC01F5EDFF40011E7DA /* DetectThePic */ = {
			isa = PBXGroup;
			children = (
				411D307F1F5EF79D009B5402 /* Resnet50.mlmodel */,
				411BCAC11F5EDFF40011E7DA /* AppDelegate.swift */,
				411BCAC31F5EDFF40011E7DA /* ViewController.swift */,
				411804621F697D130032DCB0 /* CoreMLTableViewCell.swift */,
				411BCAC51F5EDFF40011E7DA /* Main.storyboard */,
				411BCAC81F5EDFF40011E7DA /* Assets.xcassets */,
				411BCACA1F5EDFF40011E7DA /* LaunchScreen.storyboard */,
				411BCACD1F5EDFF40011E7DA /* Info.plist */,
			);
			path = DetectThePic;
			sourceTree = "<group>";
		};
/* End PBXGroup section */

/* Begin PBXNativeTarget section */
		411BCABD1F5EDFF40011E7DA /* DetectThePic */ = {
			isa = PBXNativeTarget;
			buildConfigurationList = 411BCAD01F5EDFF40011E7DA /* Build configuration list for PBXNativeTarget "DetectThePic" */;
			buildPhases = (
				411BCABA1F5EDFF40011E7DA /* Sources */,
				411BCABB1F5EDFF40011E7DA /* Frameworks */,
				411BCABC1F5EDFF40011E7DA /* Resources */,
			);
			buildRules = (
			);
			dependencies = (
			);
			name = DetectThePic;
			productName = DetectThePic;
			productReference = 411BCABE1F5EDFF40011E7DA /* DetectThePic.app */;
			productType = "com.apple.product-type.application";
		};
/* End PBXNativeTarget section */

/* Begin PBXProject section */
		411BCAB61F5EDFF40011E7DA /* Project object */ = {
			isa = PBXProject;
			attributes = {
				LastSwiftUpdateCheck = 0900;
				LastUpgradeCheck = 0900;
				ORGANIZATIONNAME = vetDevHouse;
				TargetAttributes = {
					411BCABD1F5EDFF40011E7DA = {
						CreatedOnToolsVersion = 9.0;
					};
				};
			};
			buildConfigurationList = 411BCAB91F5EDFF40011E7DA /* Build configuration list for PBXProject "DetectThePic" */;
			compatibilityVersion = "Xcode 8.0";
			developmentRegion = en;
			hasScannedForEncodings = 0;
			knownRegions = (
				en,
				Base,
			);
			mainGroup = 411BCAB51F5EDFF40011E7DA;
			productRefGroup = 411BCABF1F5EDFF40011E7DA /* Products */;
			projectDirPath = "";
			projectRoot = "";
			targets = (
				411BCABD1F5EDFF40011E7DA /* DetectThePic */,
			);
		};
/* End PBXProject section */

/* Begin PBXResourcesBuildPhase section */
		411BCABC1F5EDFF40011E7DA /* Resources */ = {
			isa = PBXResourcesBuildPhase;
			buildActionMask = 2147483647;
			files = (
				411BCACC1F5EDFF40011E7DA /* LaunchScreen.storyboard in Resources */,
				411BCAC91F5EDFF40011E7DA /* Assets.xcassets in Resources */,
				411BCAC71F5EDFF40011E7DA /* Main.storyboard in Resources */,
			);
			runOnlyForDeploymentPostprocessing = 0;
		};
/* End PBXResourcesBuildPhase section */

/* Begin PBXSourcesBuildPhase section */
		411BCABA1F5EDFF40011E7DA /* Sources */ = {
			isa = PBXSourcesBuildPhase;
			buildActionMask = 2147483647;
			files = (
				411BCAC41F5EDFF40011E7DA /* ViewController.swift in Sources */,
				411804631F697D130032DCB0 /* CoreMLTableViewCell.swift in Sources */,
				411804611F695B960032DCB0 /* Resnet50.mlmodel in Sources */,
				411BCAC21F5EDFF40011E7DA /* AppDelegate.swift in Sources */,
			);
			runOnlyForDeploymentPostprocessing = 0;
		};
/* End PBXSourcesBuildPhase section */

/* Begin PBXVariantGroup section */
		411BCAC51F5EDFF40011E7DA /* Main.storyboard */ = {
			isa = PBXVariantGroup;
			children = (
				411BCAC61F5EDFF40011E7DA /* Base */,
			);
			name = Main.storyboard;
			sourceTree = "<group>";
		};
		411BCACA1F5EDFF40011E7DA /* LaunchScreen.storyboard */ = {
			isa = PBXVariantGroup;
			children = (
				411BCACB1F5EDFF40011E7DA /* Base */,
			);
			name = LaunchScreen.storyboard;
			sourceTree = "<group>";
		};
/* End PBXVariantGroup section */

/* Begin XCBuildConfiguration section */
		411BCACE1F5EDFF40011E7DA /* Debug */ = {
			isa = XCBuildConfiguration;
			buildSettings = {
				ALWAYS_SEARCH_USER_PATHS = NO;
				CLANG_ANALYZER_NONNULL = YES;
				CLANG_ANALYZER_NUMBER_OBJECT_CONVERSION = YES_AGGRESSIVE;
				CLANG_CXX_LANGUAGE_STANDARD = "gnu++14";
				CLANG_CXX_LIBRARY = "libc++";
				CLANG_ENABLE_MODULES = YES;
				CLANG_ENABLE_OBJC_ARC = YES;
				CLANG_WARN_BLOCK_CAPTURE_AUTORELEASING = YES;
				CLANG_WARN_BOOL_CONVERSION = YES;
				CLANG_WARN_COMMA = YES;
				CLANG_WARN_CONSTANT_CONVERSION = YES;
				CLANG_WARN_DIRECT_OBJC_ISA_USAGE = YES_ERROR;
				CLANG_WARN_DOCUMENTATION_COMMENTS = YES;
				CLANG_WARN_EMPTY_BODY = YES;
				CLANG_WARN_ENUM_CONVERSION = YES;
				CLANG_WARN_INFINITE_RECURSION = YES;
				CLANG_WARN_INT_CONVERSION = YES;
				CLANG_WARN_NON_LITERAL_NULL_CONVERSION = YES;
				CLANG_WARN_OBJC_LITERAL_CONVERSION = YES;
				CLANG_WARN_OBJC_ROOT_CLASS = YES_ERROR;
				CLANG_WARN_RANGE_LOOP_ANALYSIS = YES;
				CLANG_WARN_STRICT_PROTOTYPES = YES;
				CLANG_WARN_SUSPICIOUS_MOVE = YES;
				CLANG_WARN_UNGUARDED_AVAILABILITY = YES_AGGRESSIVE;
				CLANG_WARN_UNREACHABLE_CODE = YES;
				CLANG_WARN__DUPLICATE_METHOD_MATCH = YES;
				CODE_SIGN_IDENTITY = "iPhone Developer";
				COPY_PHASE_STRIP = NO;
				DEBUG_INFORMATION_FORMAT = dwarf;
				ENABLE_STRICT_OBJC_MSGSEND = YES;
				ENABLE_TESTABILITY = YES;
				GCC_C_LANGUAGE_STANDARD = gnu11;
				GCC_DYNAMIC_NO_PIC = NO;
				GCC_NO_COMMON_BLOCKS = YES;
				GCC_OPTIMIZATION_LEVEL = 0;
				GCC_PREPROCESSOR_DEFINITIONS = (
					"DEBUG=1",
					"$(inherited)",
				);
				GCC_WARN_64_TO_32_BIT_CONVERSION = YES;
				GCC_WARN_ABOUT_RETURN_TYPE = YES_ERROR;
				GCC_WARN_UNDECLARED_SELECTOR = YES;
				GCC_WARN_UNINITIALIZED_AUTOS = YES_AGGRESSIVE;
				GCC_WARN_UNUSED_FUNCTION = YES;
				GCC_WARN_UNUSED_VARIABLE = YES;
				IPHONEOS_DEPLOYMENT_TARGET = 11.0;
				MTL_ENABLE_DEBUG_INFO = YES;
				ONLY_ACTIVE_ARCH = YES;
				SDKROOT = iphoneos;
				SWIFT_ACTIVE_COMPILATION_CONDITIONS = DEBUG;
				SWIFT_OPTIMIZATION_LEVEL = "-Onone";
			};
			name = Debug;
		};
		411BCACF1F5EDFF40011E7DA /* Release */ = {
			isa = XCBuildConfiguration;
			buildSettings = {
				ALWAYS_SEARCH_USER_PATHS = NO;
				CLANG_ANALYZER_NONNULL = YES;
				CLANG_ANALYZER_NUMBER_OBJECT_CONVERSION = YES_AGGRESSIVE;
				CLANG_CXX_LANGUAGE_STANDARD = "gnu++14";
				CLANG_CXX_LIBRARY = "libc++";
				CLANG_ENABLE_MODULES = YES;
				CLANG_ENABLE_OBJC_ARC = YES;
				CLANG_WARN_BLOCK_CAPTURE_AUTORELEASING = YES;
				CLANG_WARN_BOOL_CONVERSION = YES;
				CLANG_WARN_COMMA = YES;
				CLANG_WARN_CONSTANT_CONVERSION = YES;
				CLANG_WARN_DIRECT_OBJC_ISA_USAGE = YES_ERROR;
				CLANG_WARN_DOCUMENTATION_COMMENTS = YES;
				CLANG_WARN_EMPTY_BODY = YES;
				CLANG_WARN_ENUM_CONVERSION = YES;
				CLANG_WARN_INFINITE_RECURSION = YES;
				CLANG_WARN_INT_CONVERSION = YES;
				CLANG_WARN_NON_LITERAL_NULL_CONVERSION = YES;
				CLANG_WARN_OBJC_LITERAL_CONVERSION = YES;
				CLANG_WARN_OBJC_ROOT_CLASS = YES_ERROR;
				CLANG_WARN_RANGE_LOOP_ANALYSIS = YES;
				CLANG_WARN_STRICT_PROTOTYPES = YES;
				CLANG_WARN_SUSPICIOUS_MOVE = YES;
				CLANG_WARN_UNGUARDED_AVAILABILITY = YES_AGGRESSIVE;
				CLANG_WARN_UNREACHABLE_CODE = YES;
				CLANG_WARN__DUPLICATE_METHOD_MATCH = YES;
				CODE_SIGN_IDENTITY = "iPhone Developer";
				COPY_PHASE_STRIP = NO;
				DEBUG_INFORMATION_FORMAT = "dwarf-with-dsym";
				ENABLE_NS_ASSERTIONS = NO;
				ENABLE_STRICT_OBJC_MSGSEND = YES;
				GCC_C_LANGUAGE_STANDARD = gnu11;
				GCC_NO_COMMON_BLOCKS = YES;
				GCC_WARN_64_TO_32_BIT_CONVERSION = YES;
				GCC_WARN_ABOUT_RETURN_TYPE = YES_ERROR;
				GCC_WARN_UNDECLARED_SELECTOR = YES;
				GCC_WARN_UNINITIALIZED_AUTOS = YES_AGGRESSIVE;
				GCC_WARN_UNUSED_FUNCTION = YES;
				GCC_WARN_UNUSED_VARIABLE = YES;
				IPHONEOS_DEPLOYMENT_TARGET = 11.0;
				MTL_ENABLE_DEBUG_INFO = NO;
				SDKROOT = iphoneos;
				SWIFT_OPTIMIZATION_LEVEL = "-Owholemodule";
				VALIDATE_PRODUCT = YES;
			};
			name = Release;
		};
		411BCAD11F5EDFF40011E7DA /* Debug */ = {
			isa = XCBuildConfiguration;
			buildSettings = {
				ASSETCATALOG_COMPILER_APPICON_NAME = AppIcon;
				DEVELOPMENT_TEAM = 56F54J4H3N;
				INFOPLIST_FILE = DetectThePic/Info.plist;
				LD_RUNPATH_SEARCH_PATHS = "$(inherited) @executable_path/Frameworks";
				PRODUCT_BUNDLE_IDENTIFIER = com.vetDevHouse.DetectThePic;
				PRODUCT_NAME = "$(TARGET_NAME)";
				SWIFT_VERSION = 4.0;
				TARGETED_DEVICE_FAMILY = "1,2";
			};
			name = Debug;
		};
		411BCAD21F5EDFF40011E7DA /* Release */ = {
			isa = XCBuildConfiguration;
			buildSettings = {
				ASSETCATALOG_COMPILER_APPICON_NAME = AppIcon;
				DEVELOPMENT_TEAM = 56F54J4H3N;
				INFOPLIST_FILE = DetectThePic/Info.plist;
				LD_RUNPATH_SEARCH_PATHS = "$(inherited) @executable_path/Frameworks";
				PRODUCT_BUNDLE_IDENTIFIER = com.vetDevHouse.DetectThePic;
				PRODUCT_NAME = "$(TARGET_NAME)";
				SWIFT_VERSION = 4.0;
				TARGETED_DEVICE_FAMILY = "1,2";
			};
			name = Release;
		};
/* End XCBuildConfiguration section */

/* Begin XCConfigurationList section */
		411BCAB91F5EDFF40011E7DA /* Build configuration list for PBXProject "DetectThePic" */ = {
			isa = XCConfigurationList;
			buildConfigurations = (
				411BCACE1F5EDFF40011E7DA /* Debug */,
				411BCACF1F5EDFF40011E7DA /* Release */,
			);
			defaultConfigurationIsVisible = 0;
			defaultConfigurationName = Release;
		};
		411BCAD01F5EDFF40011E7DA /* Build configuration list for PBXNativeTarget "DetectThePic" */ = {
			isa = XCConfigurationList;
			buildConfigurations = (
				411BCAD11F5EDFF40011E7DA /* Debug */,
				411BCAD21F5EDFF40011E7DA /* Release */,
			);
			defaultConfigurationIsVisible = 0;
			defaultConfigurationName = Release;
		};
/* End XCConfigurationList section */
	};
	rootObject = 411BCAB61F5EDFF40011E7DA /* Project object */;
}
